
Microsoft Visual Studio Solution File, Format Version 12.00
# Visual Studio Version 17
VisualStudioVersion = 17.9.34616.47
MinimumVisualStudioVersion = 10.0.40219.1
Project("{8BC9CEB8-8B4A-11D0-8D11-00A0C91BC942}") = "Project7", "Project7.vcxproj", "{7B4824A3-FDEB-4BAF-B617-C41D77F98234}"
EndProject
Global
	GlobalSection(SolutionConfigurationPlatforms) = preSolution
		Debug|x64 = Debug|x64
		Debug|x86 = Debug|x86
		Release|x64 = Release|x64
		Release|x86 = Release|x86
	EndGlobalSection
	GlobalSection(ProjectConfigurationPlatforms) = postSolution
		{7B4824A3-FDEB-4BAF-B617-C41D77F98234}.Debug|x64.ActiveCfg = Debug|x64
		{7B4824A3-FDEB-4BAF-B617-C41D77F98234}.Debug|x64.Build.0 = Debug|x64
		{7B4824A3-FDEB-4BAF-B617-C41D77F98234}.Debug|x86.ActiveCfg = Debug|Win32
		{7B4824A3-FDEB-4BAF-B617-C41D77F98234}.Debug|x86.Build.0 = Debug|Win32
		{7B4824A3-FDEB-4BAF-B617-C41D77F98234}.Release|x64.ActiveCfg = Release|x64
		{7B4824A3-FDEB-4BAF-B617-C41D77F98234}.Release|x64.Build.0 = Release|x64
		{7B4824A3-FDEB-4BAF-B617-C41D77F98234}.Release|x86.ActiveCfg = Release|Win32
		{7B4824A3-FDEB-4BAF-B617-C41D77F98234}.Release|x86.Build.0 = Release|Win32
	EndGlobalSection
	GlobalSection(SolutionProperties) = preSolution
		HideSolutionNode = FALSE
	EndGlobalSection
	GlobalSection(ExtensibilityGlobals) = postSolution
		SolutionGuid = {A3F93323-397F-4510-8C45-C6B529B55187}
	EndGlobalSection
EndGlobal
